version: 1.0
shards:
  clim:
    github: at-grandpa/clim
    version: 0.12.0

  crystaldocker:
    github: crystaluniverse/crystaldocker
    commit: ad269cd10adc77d3ddd70fd9bea682305c5f4c5e

  crystaltools:
    github: crystaluniverse/crystaltools
    commit: e3126f87050fa90c79ae610c5118c6a07512fcc2

  crystar:
    github: naqvis/crystar
    version: 0.1.5

  docker:
    github: aca-labs/crystal-docker
    commit: d68a89e1ed47f2e95ab9fd854e54f98e54e1697d

  pool:
    github: ysbaddaden/pool
    version: 0.2.3

  redis:
    github: stefanwille/crystal-redis
    version: 2.6.0

  toml:
    github: crystal-community/toml.cr
    commit: d02de85eed68a70dc97ab6d6e52831a4d0e890fe

